{
  "name": "ProjectFolder",
  "lockfileVersion": 2,
  "requires": true,
  "packages": {
    "": {
      "dependencies": {
        "phone_server": "^1.0.0"
      }
    },
    "node_modules/eruda": {
      "version": "3.3.0",
      "resolved": "https://registry.npmjs.org/eruda/-/eruda-3.3.0.tgz",
      "integrity": "sha512-WsAEUIa9SNgLqaROMqnSvNeq6bySpjiG2ZQJYYGZw6VHmJ3zBBPCYyZDz0Dmymm9azh8TalkY2pEX2C2PiHIjw=="
    },
    "node_modules/phone_server": {
      "version": "1.0.0",
      "resolved": "https://registry.npmjs.org/phone_server/-/phone_server-1.0.0.tgz",
      "integrity": "sha512-mAAq9yUGZtVj/LsDTlTwqzQtyX8yppdWGu+20CCeA/2EmK4Au+7pgoB6BrmOCaYCABVKx3XP1rnV1werZAn76Q==",
      "dependencies": {
        "eruda": "^3.3.0"
      }
    }
  },
  "dependencies": {
    "eruda": {
      "version": "3.3.0",
      "resolved": "https://registry.npmjs.org/eruda/-/eruda-3.3.0.tgz",
      "integrity": "sha512-WsAEUIa9SNgLqaROMqnSvNeq6bySpjiG2ZQJYYGZw6VHmJ3zBBPCYyZDz0Dmymm9azh8TalkY2pEX2C2PiHIjw=="
    },
    "phone_server": {
      "version": "1.0.0",
      "resolved": "https://registry.npmjs.org/phone_server/-/phone_server-1.0.0.tgz",
      "integrity": "sha512-mAAq9yUGZtVj/LsDTlTwqzQtyX8yppdWGu+20CCeA/2EmK4Au+7pgoB6BrmOCaYCABVKx3XP1rnV1werZAn76Q==",
      "requires": {
        "eruda": "^3.3.0"
      }
    }
  }
}
